
Microsoft Visual Studio Solution File, Format Version 12.00
# Visual Studio Version 17
VisualStudioVersion = 17.13.35931.197 d17.13
MinimumVisualStudioVersion = 10.0.40219.1
Project("{FAE04EC0-301F-11D3-BF4B-00C04F79EFBC}") = "Repo2Text", "Repo2Text.csproj", "{D411D74E-053A-4896-8B6D-46B2664AA0DC}"
EndProject
Global
	GlobalSection(SolutionConfigurationPlatforms) = preSolution
		Debug|Any CPU = Debug|Any CPU
		Release|Any CPU = Release|Any CPU
	EndGlobalSection
	GlobalSection(ProjectConfigurationPlatforms) = postSolution
		{D411D74E-053A-4896-8B6D-46B2664AA0DC}.Debug|Any CPU.ActiveCfg = Debug|Any CPU
		{D411D74E-053A-4896-8B6D-46B2664AA0DC}.Debug|Any CPU.Build.0 = Debug|Any CPU
		{D411D74E-053A-4896-8B6D-46B2664AA0DC}.Release|Any CPU.ActiveCfg = Release|Any CPU
		{D411D74E-053A-4896-8B6D-46B2664AA0DC}.Release|Any CPU.Build.0 = Release|Any CPU
	EndGlobalSection
	GlobalSection(SolutionProperties) = preSolution
		HideSolutionNode = FALSE
	EndGlobalSection
	GlobalSection(ExtensibilityGlobals) = postSolution
		SolutionGuid = {5E782569-9903-4A1C-9AF8-F7FB2B5081B9}
	EndGlobalSection
EndGlobal
